{
  "version": "4",
  "specifiers": {
    "jsr:@b-fuze/deno-dom@*": "0.1.49",
    "jsr:@std/cli@*": "1.0.17"
  },
  "jsr": {
    "@b-fuze/deno-dom@0.1.49": {
      "integrity": "45c40175fdd1e74ab2d4b54c4fdaabbad6e5b76ee28df12a48e076b3fa7901a9"
    },
    "@std/cli@1.0.17": {
      "integrity": "e15b9abe629e17be90cc6216327f03a29eae613365f1353837fa749aad29ce7b"
    }
  },
  "workspace": {
    "dependencies": [
      "jsr:@b-fuze/deno-dom@~0.1.49"
    ]
  }
}
